// !$*UTF8*$!
{
	archiveVersion = 1;
	classes = {
	};
	objectVersion = 50;
	objects = {

/* Begin PBXBuildFile section */
		8EAC7B852655CF7600DECB2A /* AppDelegate.swift in Sources */ = {isa = PBXBuildFile; fileRef = 8EAC7B842655CF7600DECB2A /* AppDelegate.swift */; };
		8EAC7B872655CF7600DECB2A /* SceneDelegate.swift in Sources */ = {isa = PBXBuildFile; fileRef = 8EAC7B862655CF7600DECB2A /* SceneDelegate.swift */; };
		8EAC7B892655CF7600DECB2A /* ViewController.swift in Sources */ = {isa = PBXBuildFile; fileRef = 8EAC7B882655CF7600DECB2A /* ViewController.swift */; };
		8EAC7B8C2655CF7600DECB2A /* Main.storyboard in Resources */ = {isa = PBXBuildFile; fileRef = 8EAC7B8A2655CF7600DECB2A /* Main.storyboard */; };
		8EAC7B8E2655CF7700DECB2A /* Assets.xcassets in Resources */ = {isa = PBXBuildFile; fileRef = 8EAC7B8D2655CF7700DECB2A /* Assets.xcassets */; };
		8EAC7B912655CF7700DECB2A /* LaunchScreen.storyboard in Resources */ = {isa = PBXBuildFile; fileRef = 8EAC7B8F2655CF7700DECB2A /* LaunchScreen.storyboard */; };
		8EAC7B9C2655CF7800DECB2A /* itunesTestTests.swift in Sources */ = {isa = PBXBuildFile; fileRef = 8EAC7B9B2655CF7800DECB2A /* itunesTestTests.swift */; };
		8EAC7BA72655CF7800DECB2A /* itunesTestUITests.swift in Sources */ = {isa = PBXBuildFile; fileRef = 8EAC7BA62655CF7800DECB2A /* itunesTestUITests.swift */; };
/* End PBXBuildFile section */

/* Begin PBXContainerItemProxy section */
		8EAC7B982655CF7800DECB2A /* PBXContainerItemProxy */ = {
			isa = PBXContainerItemProxy;
			containerPortal = 8EAC7B792655CF7600DECB2A /* Project object */;
			proxyType = 1;
			remoteGlobalIDString = 8EAC7B802655CF7600DECB2A;
			remoteInfo = itunesTest;
		};
		8EAC7BA32655CF7800DECB2A /* PBXContainerItemProxy */ = {
			isa = PBXContainerItemProxy;
			containerPortal = 8EAC7B792655CF7600DECB2A /* Project object */;
			proxyType = 1;
			remoteGlobalIDString = 8EAC7B802655CF7600DECB2A;
			remoteInfo = itunesTest;
		};
/* End PBXContainerItemProxy section */

/* Begin PBXFileReference section */
		8EAC7B812655CF7600DECB2A /* itunesTest.app */ = {isa = PBXFileReference; explicitFileType = wrapper.application; includeInIndex = 0; path = itunesTest.app; sourceTree = BUILT_PRODUCTS_DIR; };
		8EAC7B842655CF7600DECB2A /* AppDelegate.swift */ = {isa = PBXFileReference; lastKnownFileType = sourcecode.swift; path = AppDelegate.swift; sourceTree = "<group>"; };
		8EAC7B862655CF7600DECB2A /* SceneDelegate.swift */ = {isa = PBXFileReference; lastKnownFileType = sourcecode.swift; path = SceneDelegate.swift; sourceTree = "<group>"; };
		8EAC7B882655CF7600DECB2A /* ViewController.swift */ = {isa = PBXFileReference; lastKnownFileType = sourcecode.swift; path = ViewController.swift; sourceTree = "<group>"; };
		8EAC7B8B2655CF7600DECB2A /* Base */ = {isa = PBXFileReference; lastKnownFileType = file.storyboard; name = Base; path = Base.lproj/Main.storyboard; sourceTree = "<group>"; };
		8EAC7B8D2655CF7700DECB2A /* Assets.xcassets */ = {isa = PBXFileReference; lastKnownFileType = folder.assetcatalog; path = Assets.xcassets; sourceTree = "<group>"; };
		8EAC7B902655CF7700DECB2A /* Base */ = {isa = PBXFileReference; lastKnownFileType = file.storyboard; name = Base; path = Base.lproj/LaunchScreen.storyboard; sourceTree = "<group>"; };
		8EAC7B922655CF7700DECB2A /* Info.plist */ = {isa = PBXFileReference; lastKnownFileType = text.plist.xml; path = Info.plist; sourceTree = "<group>"; };
		8EAC7B972655CF7800DECB2A /* itunesTestTests.xctest */ = {isa = PBXFileReference; explicitFileType = wrapper.cfbundle; includeInIndex = 0; path = itunesTestTests.xctest; sourceTree = BUILT_PRODUCTS_DIR; };
		8EAC7B9B2655CF7800DECB2A /* itunesTestTests.swift */ = {isa = PBXFileReference; lastKnownFileType = sourcecode.swift; path = itunesTestTests.swift; sourceTree = "<group>"; };
		8EAC7B9D2655CF7800DECB2A /* Info.plist */ = {isa = PBXFileReference; lastKnownFileType = text.plist.xml; path = Info.plist; sourceTree = "<group>"; };
		8EAC7BA22655CF7800DECB2A /* itunesTestUITests.xctest */ = {isa = PBXFileReference; explicitFileType = wrapper.cfbundle; includeInIndex = 0; path = itunesTestUITests.xctest; sourceTree = BUILT_PRODUCTS_DIR; };
		8EAC7BA62655CF7800DECB2A /* itunesTestUITests.swift */ = {isa = PBXFileReference; lastKnownFileType = sourcecode.swift; path = itunesTestUITests.swift; sourceTree = "<group>"; };
		8EAC7BA82655CF7800DECB2A /* Info.plist */ = {isa = PBXFileReference; lastKnownFileType = text.plist.xml; path = Info.plist; sourceTree = "<group>"; };
/* End PBXFileReference section */

/* Begin PBXFrameworksBuildPhase section */
		8EAC7B7E2655CF7600DECB2A /* Frameworks */ = {
			isa = PBXFrameworksBuildPhase;
			buildActionMask = 2147483647;
			files = (
			);
			runOnlyForDeploymentPostprocessing = 0;
		};
		8EAC7B942655CF7800DECB2A /* Frameworks */ = {
			isa = PBXFrameworksBuildPhase;
			buildActionMask = 2147483647;
			files = (
			);
			runOnlyForDeploymentPostprocessing = 0;
		};
		8EAC7B9F2655CF7800DECB2A /* Frameworks */ = {
			isa = PBXFrameworksBuildPhase;
			buildActionMask = 2147483647;
			files = (
			);
			runOnlyForDeploymentPostprocessing = 0;
		};
/* End PBXFrameworksBuildPhase section */

/* Begin PBXGroup section */
		8EAC7B782655CF7600DECB2A = {
			isa = PBXGroup;
			children = (
				8EAC7B832655CF7600DECB2A /* itunesTest */,
				8EAC7B9A2655CF7800DECB2A /* itunesTestTests */,
				8EAC7BA52655CF7800DECB2A /* itunesTestUITests */,
				8EAC7B822655CF7600DECB2A /* Products */,
			);
			sourceTree = "<group>";
		};
		8EAC7B822655CF7600DECB2A /* Products */ = {
			isa = PBXGroup;
			children = (
				8EAC7B812655CF7600DECB2A /* itunesTest.app */,
				8EAC7B972655CF7800DECB2A /* itunesTestTests.xctest */,
				8EAC7BA22655CF7800DECB2A /* itunesTestUITests.xctest */,
			);
			name = Products;
			sourceTree = "<group>";
		};
		8EAC7B832655CF7600DECB2A /* itunesTest */ = {
			isa = PBXGroup;
			children = (
				8EAC7B842655CF7600DECB2A /* AppDelegate.swift */,
				8EAC7B862655CF7600DECB2A /* SceneDelegate.swift */,
				8EAC7B882655CF7600DECB2A /* ViewController.swift */,
				8EAC7B8A2655CF7600DECB2A /* Main.storyboard */,
				8EAC7B8D2655CF7700DECB2A /* Assets.xcassets */,
				8EAC7B8F2655CF7700DECB2A /* LaunchScreen.storyboard */,
				8EAC7B922655CF7700DECB2A /* Info.plist */,
			);
			path = itunesTest;
			sourceTree = "<group>";
		};
		8EAC7B9A2655CF7800DECB2A /* itunesTestTests */ = {
			isa = PBXGroup;
			children = (
				8EAC7B9B2655CF7800DECB2A /* itunesTestTests.swift */,
				8EAC7B9D2655CF7800DECB2A /* Info.plist */,
			);
			path = itunesTestTests;
			sourceTree = "<group>";
		};
		8EAC7BA52655CF7800DECB2A /* itunesTestUITests */ = {
			isa = PBXGroup;
			children = (
				8EAC7BA62655CF7800DECB2A /* itunesTestUITests.swift */,
				8EAC7BA82655CF7800DECB2A /* Info.plist */,
			);
			path = itunesTestUITests;
			sourceTree = "<group>";
		};
/* End PBXGroup section */

/* Begin PBXNativeTarget section */
		8EAC7B802655CF7600DECB2A /* itunesTest */ = {
			isa = PBXNativeTarget;
			buildConfigurationList = 8EAC7BAB2655CF7800DECB2A /* Build configuration list for PBXNativeTarget "itunesTest" */;
			buildPhases = (
				8EAC7B7D2655CF7600DECB2A /* Sources */,
				8EAC7B7E2655CF7600DECB2A /* Frameworks */,
				8EAC7B7F2655CF7600DECB2A /* Resources */,
			);
			buildRules = (
			);
			dependencies = (
			);
			name = itunesTest;
			productName = itunesTest;
			productReference = 8EAC7B812655CF7600DECB2A /* itunesTest.app */;
			productType = "com.apple.product-type.application";
		};
		8EAC7B962655CF7800DECB2A /* itunesTestTests */ = {
			isa = PBXNativeTarget;
			buildConfigurationList = 8EAC7BAE2655CF7800DECB2A /* Build configuration list for PBXNativeTarget "itunesTestTests" */;
			buildPhases = (
				8EAC7B932655CF7800DECB2A /* Sources */,
				8EAC7B942655CF7800DECB2A /* Frameworks */,
				8EAC7B952655CF7800DECB2A /* Resources */,
			);
			buildRules = (
			);
			dependencies = (
				8EAC7B992655CF7800DECB2A /* PBXTargetDependency */,
			);
			name = itunesTestTests;
			productName = itunesTestTests;
			productReference = 8EAC7B972655CF7800DECB2A /* itunesTestTests.xctest */;
			productType = "com.apple.product-type.bundle.unit-test";
		};
		8EAC7BA12655CF7800DECB2A /* itunesTestUITests */ = {
			isa = PBXNativeTarget;
			buildConfigurationList = 8EAC7BB12655CF7800DECB2A /* Build configuration list for PBXNativeTarget "itunesTestUITests" */;
			buildPhases = (
				8EAC7B9E2655CF7800DECB2A /* Sources */,
				8EAC7B9F2655CF7800DECB2A /* Frameworks */,
				8EAC7BA02655CF7800DECB2A /* Resources */,
			);
			buildRules = (
			);
			dependencies = (
				8EAC7BA42655CF7800DECB2A /* PBXTargetDependency */,
			);
			name = itunesTestUITests;
			productName = itunesTestUITests;
			productReference = 8EAC7BA22655CF7800DECB2A /* itunesTestUITests.xctest */;
			productType = "com.apple.product-type.bundle.ui-testing";
		};
/* End PBXNativeTarget section */

/* Begin PBXProject section */
		8EAC7B792655CF7600DECB2A /* Project object */ = {
			isa = PBXProject;
			attributes = {
				LastSwiftUpdateCheck = 1240;
				LastUpgradeCheck = 1240;
				TargetAttributes = {
					8EAC7B802655CF7600DECB2A = {
						CreatedOnToolsVersion = 12.4;
					};
					8EAC7B962655CF7800DECB2A = {
						CreatedOnToolsVersion = 12.4;
						TestTargetID = 8EAC7B802655CF7600DECB2A;
					};
					8EAC7BA12655CF7800DECB2A = {
						CreatedOnToolsVersion = 12.4;
						TestTargetID = 8EAC7B802655CF7600DECB2A;
					};
				};
			};
			buildConfigurationList = 8EAC7B7C2655CF7600DECB2A /* Build configuration list for PBXProject "itunesTest" */;
			compatibilityVersion = "Xcode 9.3";
			developmentRegion = en;
			hasScannedForEncodings = 0;
			knownRegions = (
				en,
				Base,
			);
			mainGroup = 8EAC7B782655CF7600DECB2A;
			productRefGroup = 8EAC7B822655CF7600DECB2A /* Products */;
			projectDirPath = "";
			projectRoot = "";
			targets = (
				8EAC7B802655CF7600DECB2A /* itunesTest */,
				8EAC7B962655CF7800DECB2A /* itunesTestTests */,
				8EAC7BA12655CF7800DECB2A /* itunesTestUITests */,
			);
		};
/* End PBXProject section */

/* Begin PBXResourcesBuildPhase section */
		8EAC7B7F2655CF7600DECB2A /* Resources */ = {
			isa = PBXResourcesBuildPhase;
			buildActionMask = 2147483647;
			files = (
				8EAC7B912655CF7700DECB2A /* LaunchScreen.storyboard in Resources */,
				8EAC7B8E2655CF7700DECB2A /* Assets.xcassets in Resources */,
				8EAC7B8C2655CF7600DECB2A /* Main.storyboard in Resources */,
			);
			runOnlyForDeploymentPostprocessing = 0;
		};
		8EAC7B952655CF7800DECB2A /* Resources */ = {
			isa = PBXResourcesBuildPhase;
			buildActionMask = 2147483647;
			files = (
			);
			runOnlyForDeploymentPostprocessing = 0;
		};
		8EAC7BA02655CF7800DECB2A /* Resources */ = {
			isa = PBXResourcesBuildPhase;
			buildActionMask = 2147483647;
			files = (
			);
			runOnlyForDeploymentPostprocessing = 0;
		};
/* End PBXResourcesBuildPhase section */

/* Begin PBXSourcesBuildPhase section */
		8EAC7B7D2655CF7600DECB2A /* Sources */ = {
			isa = PBXSourcesBuildPhase;
			buildActionMask = 2147483647;
			files = (
				8EAC7B892655CF7600DECB2A /* ViewController.swift in Sources */,
				8EAC7B852655CF7600DECB2A /* AppDelegate.swift in Sources */,
				8EAC7B872655CF7600DECB2A /* SceneDelegate.swift in Sources */,
			);
			runOnlyForDeploymentPostprocessing = 0;
		};
		8EAC7B932655CF7800DECB2A /* Sources */ = {
			isa = PBXSourcesBuildPhase;
			buildActionMask = 2147483647;
			files = (
				8EAC7B9C2655CF7800DECB2A /* itunesTestTests.swift in Sources */,
			);
			runOnlyForDeploymentPostprocessing = 0;
		};
		8EAC7B9E2655CF7800DECB2A /* Sources */ = {
			isa = PBXSourcesBuildPhase;
			buildActionMask = 2147483647;
			files = (
				8EAC7BA72655CF7800DECB2A /* itunesTestUITests.swift in Sources */,
			);
			runOnlyForDeploymentPostprocessing = 0;
		};
/* End PBXSourcesBuildPhase section */

/* Begin PBXTargetDependency section */
		8EAC7B992655CF7800DECB2A /* PBXTargetDependency */ = {
			isa = PBXTargetDependency;
			target = 8EAC7B802655CF7600DECB2A /* itunesTest */;
			targetProxy = 8EAC7B982655CF7800DECB2A /* PBXContainerItemProxy */;
		};
		8EAC7BA42655CF7800DECB2A /* PBXTargetDependency */ = {
			isa = PBXTargetDependency;
			target = 8EAC7B802655CF7600DECB2A /* itunesTest */;
			targetProxy = 8EAC7BA32655CF7800DECB2A /* PBXContainerItemProxy */;
		};
/* End PBXTargetDependency section */

/* Begin PBXVariantGroup section */
		8EAC7B8A2655CF7600DECB2A /* Main.storyboard */ = {
			isa = PBXVariantGroup;
			children = (
				8EAC7B8B2655CF7600DECB2A /* Base */,
			);
			name = Main.storyboard;
			sourceTree = "<group>";
		};
		8EAC7B8F2655CF7700DECB2A /* LaunchScreen.storyboard */ = {
			isa = PBXVariantGroup;
			children = (
				8EAC7B902655CF7700DECB2A /* Base */,
			);
			name = LaunchScreen.storyboard;
			sourceTree = "<group>";
		};
/* End PBXVariantGroup section */

/* Begin XCBuildConfiguration section */
		8EAC7BA92655CF7800DECB2A /* Debug */ = {
			isa = XCBuildConfiguration;
			buildSettings = {
				ALWAYS_SEARCH_USER_PATHS = NO;
				CLANG_ANALYZER_NONNULL = YES;
				CLANG_ANALYZER_NUMBER_OBJECT_CONVERSION = YES_AGGRESSIVE;
				CLANG_CXX_LANGUAGE_STANDARD = "gnu++14";
				CLANG_CXX_LIBRARY = "libc++";
				CLANG_ENABLE_MODULES = YES;
				CLANG_ENABLE_OBJC_ARC = YES;
				CLANG_ENABLE_OBJC_WEAK = YES;
				CLANG_WARN_BLOCK_CAPTURE_AUTORELEASING = YES;
				CLANG_WARN_BOOL_CONVERSION = YES;
				CLANG_WARN_COMMA = YES;
				CLANG_WARN_CONSTANT_CONVERSION = YES;
				CLANG_WARN_DEPRECATED_OBJC_IMPLEMENTATIONS = YES;
				CLANG_WARN_DIRECT_OBJC_ISA_USAGE = YES_ERROR;
				CLANG_WARN_DOCUMENTATION_COMMENTS = YES;
				CLANG_WARN_EMPTY_BODY = YES;
				CLANG_WARN_ENUM_CONVERSION = YES;
				CLANG_WARN_INFINITE_RECURSION = YES;
				CLANG_WARN_INT_CONVERSION = YES;
				CLANG_WARN_NON_LITERAL_NULL_CONVERSION = YES;
				CLANG_WARN_OBJC_IMPLICIT_RETAIN_SELF = YES;
				CLANG_WARN_OBJC_LITERAL_CONVERSION = YES;
				CLANG_WARN_OBJC_ROOT_CLASS = YES_ERROR;
				CLANG_WARN_QUOTED_INCLUDE_IN_FRAMEWORK_HEADER = YES;
				CLANG_WARN_RANGE_LOOP_ANALYSIS = YES;
				CLANG_WARN_STRICT_PROTOTYPES = YES;
				CLANG_WARN_SUSPICIOUS_MOVE = YES;
				CLANG_WARN_UNGUARDED_AVAILABILITY = YES_AGGRESSIVE;
				CLANG_WARN_UNREACHABLE_CODE = YES;
				CLANG_WARN__DUPLICATE_METHOD_MATCH = YES;
				COPY_PHASE_STRIP = NO;
				DEBUG_INFORMATION_FORMAT = dwarf;
				ENABLE_STRICT_OBJC_MSGSEND = YES;
				ENABLE_TESTABILITY = YES;
				GCC_C_LANGUAGE_STANDARD = gnu11;
				GCC_DYNAMIC_NO_PIC = NO;
				GCC_NO_COMMON_BLOCKS = YES;
				GCC_OPTIMIZATION_LEVEL = 0;
				GCC_PREPROCESSOR_DEFINITIONS = (
					"DEBUG=1",
					"$(inherited)",
				);
				GCC_WARN_64_TO_32_BIT_CONVERSION = YES;
				GCC_WARN_ABOUT_RETURN_TYPE = YES_ERROR;
				GCC_WARN_UNDECLARED_SELECTOR = YES;
				GCC_WARN_UNINITIALIZED_AUTOS = YES_AGGRESSIVE;
				GCC_WARN_UNUSED_FUNCTION = YES;
				GCC_WARN_UNUSED_VARIABLE = YES;
				IPHONEOS_DEPLOYMENT_TARGET = 14.4;
				MTL_ENABLE_DEBUG_INFO = INCLUDE_SOURCE;
				MTL_FAST_MATH = YES;
				ONLY_ACTIVE_ARCH = YES;
				SDKROOT = iphoneos;
				SWIFT_ACTIVE_COMPILATION_CONDITIONS = DEBUG;
				SWIFT_OPTIMIZATION_LEVEL = "-Onone";
			};
			name = Debug;
		};
		8EAC7BAA2655CF7800DECB2A /* Release */ = {
			isa = XCBuildConfiguration;
			buildSettings = {
				ALWAYS_SEARCH_USER_PATHS = NO;
				CLANG_ANALYZER_NONNULL = YES;
				CLANG_ANALYZER_NUMBER_OBJECT_CONVERSION = YES_AGGRESSIVE;
				CLANG_CXX_LANGUAGE_STANDARD = "gnu++14";
				CLANG_CXX_LIBRARY = "libc++";
				CLANG_ENABLE_MODULES = YES;
				CLANG_ENABLE_OBJC_ARC = YES;
				CLANG_ENABLE_OBJC_WEAK = YES;
				CLANG_WARN_BLOCK_CAPTURE_AUTORELEASING = YES;
				CLANG_WARN_BOOL_CONVERSION = YES;
				CLANG_WARN_COMMA = YES;
				CLANG_WARN_CONSTANT_CONVERSION = YES;
				CLANG_WARN_DEPRECATED_OBJC_IMPLEMENTATIONS = YES;
				CLANG_WARN_DIRECT_OBJC_ISA_USAGE = YES_ERROR;
				CLANG_WARN_DOCUMENTATION_COMMENTS = YES;
				CLANG_WARN_EMPTY_BODY = YES;
				CLANG_WARN_ENUM_CONVERSION = YES;
				CLANG_WARN_INFINITE_RECURSION = YES;
				CLANG_WARN_INT_CONVERSION = YES;
				CLANG_WARN_NON_LITERAL_NULL_CONVERSION = YES;
				CLANG_WARN_OBJC_IMPLICIT_RETAIN_SELF = YES;
				CLANG_WARN_OBJC_LITERAL_CONVERSION = YES;
				CLANG_WARN_OBJC_ROOT_CLASS = YES_ERROR;
				CLANG_WARN_QUOTED_INCLUDE_IN_FRAMEWORK_HEADER = YES;
				CLANG_WARN_RANGE_LOOP_ANALYSIS = YES;
				CLANG_WARN_STRICT_PROTOTYPES = YES;
				CLANG_WARN_SUSPICIOUS_MOVE = YES;
				CLANG_WARN_UNGUARDED_AVAILABILITY = YES_AGGRESSIVE;
				CLANG_WARN_UNREACHABLE_CODE = YES;
				CLANG_WARN__DUPLICATE_METHOD_MATCH = YES;
				COPY_PHASE_STRIP = NO;
				DEBUG_INFORMATION_FORMAT = "dwarf-with-dsym";
				ENABLE_NS_ASSERTIONS = NO;
				ENABLE_STRICT_OBJC_MSGSEND = YES;
				GCC_C_LANGUAGE_STANDARD = gnu11;
				GCC_NO_COMMON_BLOCKS = YES;
				GCC_WARN_64_TO_32_BIT_CONVERSION = YES;
				GCC_WARN_ABOUT_RETURN_TYPE = YES_ERROR;
				GCC_WARN_UNDECLARED_SELECTOR = YES;
				GCC_WARN_UNINITIALIZED_AUTOS = YES_AGGRESSIVE;
				GCC_WARN_UNUSED_FUNCTION = YES;
				GCC_WARN_UNUSED_VARIABLE = YES;
				IPHONEOS_DEPLOYMENT_TARGET = 14.4;
				MTL_ENABLE_DEBUG_INFO = NO;
				MTL_FAST_MATH = YES;
				SDKROOT = iphoneos;
				SWIFT_COMPILATION_MODE = wholemodule;
				SWIFT_OPTIMIZATION_LEVEL = "-O";
				VALIDATE_PRODUCT = YES;
			};
			name = Release;
		};
		8EAC7BAC2655CF7800DECB2A /* Debug */ = {
			isa = XCBuildConfiguration;
			buildSettings = {
				ASSETCATALOG_COMPILER_APPICON_NAME = AppIcon;
				ASSETCATALOG_COMPILER_GLOBAL_ACCENT_COLOR_NAME = AccentColor;
				CODE_SIGN_STYLE = Automatic;
				DEVELOPMENT_TEAM = 2X57RLZVY8;
				INFOPLIST_FILE = itunesTest/Info.plist;
				LD_RUNPATH_SEARCH_PATHS = (
					"$(inherited)",
					"@executable_path/Frameworks",
				);
				PRODUCT_BUNDLE_IDENTIFIER = com.nestorcam.itunesTest;
				PRODUCT_NAME = "$(TARGET_NAME)";
				SWIFT_VERSION = 5.0;
				TARGETED_DEVICE_FAMILY = "1,2";
			};
			name = Debug;
		};
		8EAC7BAD2655CF7800DECB2A /* Release */ = {
			isa = XCBuildConfiguration;
			buildSettings = {
				ASSETCATALOG_COMPILER_APPICON_NAME = AppIcon;
				ASSETCATALOG_COMPILER_GLOBAL_ACCENT_COLOR_NAME = AccentColor;
				CODE_SIGN_STYLE = Automatic;
				DEVELOPMENT_TEAM = 2X57RLZVY8;
				INFOPLIST_FILE = itunesTest/Info.plist;
				LD_RUNPATH_SEARCH_PATHS = (
					"$(inherited)",
					"@executable_path/Frameworks",
				);
				PRODUCT_BUNDLE_IDENTIFIER = com.nestorcam.itunesTest;
				PRODUCT_NAME = "$(TARGET_NAME)";
				SWIFT_VERSION = 5.0;
				TARGETED_DEVICE_FAMILY = "1,2";
			};
			name = Release;
		};
		8EAC7BAF2655CF7800DECB2A /* Debug */ = {
			isa = XCBuildConfiguration;
			buildSettings = {
				ALWAYS_EMBED_SWIFT_STANDARD_LIBRARIES = YES;
				BUNDLE_LOADER = "$(TEST_HOST)";
				CODE_SIGN_STYLE = Automatic;
				DEVELOPMENT_TEAM = 2X57RLZVY8;
				INFOPLIST_FILE = itunesTestTests/Info.plist;
				IPHONEOS_DEPLOYMENT_TARGET = 14.4;
				LD_RUNPATH_SEARCH_PATHS = (
					"$(inherited)",
					"@executable_path/Frameworks",
					"@loader_path/Frameworks",
				);
				PRODUCT_BUNDLE_IDENTIFIER = com.nestorcam.itunesTestTests;
				PRODUCT_NAME = "$(TARGET_NAME)";
				SWIFT_VERSION = 5.0;
				TARGETED_DEVICE_FAMILY = "1,2";
				TEST_HOST = "$(BUILT_PRODUCTS_DIR)/itunesTest.app/itunesTest";
			};
			name = Debug;
		};
		8EAC7BB02655CF7800DECB2A /* Release */ = {
			isa = XCBuildConfiguration;
			buildSettings = {
				ALWAYS_EMBED_SWIFT_STANDARD_LIBRARIES = YES;
				BUNDLE_LOADER = "$(TEST_HOST)";
				CODE_SIGN_STYLE = Automatic;
				DEVELOPMENT_TEAM = 2X57RLZVY8;
				INFOPLIST_FILE = itunesTestTests/Info.plist;
				IPHONEOS_DEPLOYMENT_TARGET = 14.4;
				LD_RUNPATH_SEARCH_PATHS = (
					"$(inherited)",
					"@executable_path/Frameworks",
					"@loader_path/Frameworks",
				);
				PRODUCT_BUNDLE_IDENTIFIER = com.nestorcam.itunesTestTests;
				PRODUCT_NAME = "$(TARGET_NAME)";
				SWIFT_VERSION = 5.0;
				TARGETED_DEVICE_FAMILY = "1,2";
				TEST_HOST = "$(BUILT_PRODUCTS_DIR)/itunesTest.app/itunesTest";
			};
			name = Release;
		};
		8EAC7BB22655CF7800DECB2A /* Debug */ = {
			isa = XCBuildConfiguration;
			buildSettings = {
				ALWAYS_EMBED_SWIFT_STANDARD_LIBRARIES = YES;
				CODE_SIGN_STYLE = Automatic;
				DEVELOPMENT_TEAM = 2X57RLZVY8;
				INFOPLIST_FILE = itunesTestUITests/Info.plist;
				LD_RUNPATH_SEARCH_PATHS = (
					"$(inherited)",
					"@executable_path/Frameworks",
					"@loader_path/Frameworks",
				);
				PRODUCT_BUNDLE_IDENTIFIER = com.nestorcam.itunesTestUITests;
				PRODUCT_NAME = "$(TARGET_NAME)";
				SWIFT_VERSION = 5.0;
				TARGETED_DEVICE_FAMILY = "1,2";
				TEST_TARGET_NAME = itunesTest;
			};
			name = Debug;
		};
		8EAC7BB32655CF7800DECB2A /* Release */ = {
			isa = XCBuildConfiguration;
			buildSettings = {
				ALWAYS_EMBED_SWIFT_STANDARD_LIBRARIES = YES;
				CODE_SIGN_STYLE = Automatic;
				DEVELOPMENT_TEAM = 2X57RLZVY8;
				INFOPLIST_FILE = itunesTestUITests/Info.plist;
				LD_RUNPATH_SEARCH_PATHS = (
					"$(inherited)",
					"@executable_path/Frameworks",
					"@loader_path/Frameworks",
				);
				PRODUCT_BUNDLE_IDENTIFIER = com.nestorcam.itunesTestUITests;
				PRODUCT_NAME = "$(TARGET_NAME)";
				SWIFT_VERSION = 5.0;
				TARGETED_DEVICE_FAMILY = "1,2";
				TEST_TARGET_NAME = itunesTest;
			};
			name = Release;
		};
/* End XCBuildConfiguration section */

/* Begin XCConfigurationList section */
		8EAC7B7C2655CF7600DECB2A /* Build configuration list for PBXProject "itunesTest" */ = {
			isa = XCConfigurationList;
			buildConfigurations = (
				8EAC7BA92655CF7800DECB2A /* Debug */,
				8EAC7BAA2655CF7800DECB2A /* Release */,
			);
			defaultConfigurationIsVisible = 0;
			defaultConfigurationName = Release;
		};
		8EAC7BAB2655CF7800DECB2A /* Build configuration list for PBXNativeTarget "itunesTest" */ = {
			isa = XCConfigurationList;
			buildConfigurations = (
				8EAC7BAC2655CF7800DECB2A /* Debug */,
				8EAC7BAD2655CF7800DECB2A /* Release */,
			);
			defaultConfigurationIsVisible = 0;
			defaultConfigurationName = Release;
		};
		8EAC7BAE2655CF7800DECB2A /* Build configuration list for PBXNativeTarget "itunesTestTests" */ = {
			isa = XCConfigurationList;
			buildConfigurations = (
				8EAC7BAF2655CF7800DECB2A /* Debug */,
				8EAC7BB02655CF7800DECB2A /* Release */,
			);
			defaultConfigurationIsVisible = 0;
			defaultConfigurationName = Release;
		};
		8EAC7BB12655CF7800DECB2A /* Build configuration list for PBXNativeTarget "itunesTestUITests" */ = {
			isa = XCConfigurationList;
			buildConfigurations = (
				8EAC7BB22655CF7800DECB2A /* Debug */,
				8EAC7BB32655CF7800DECB2A /* Release */,
			);
			defaultConfigurationIsVisible = 0;
			defaultConfigurationName = Release;
		};
/* End XCConfigurationList section */
	};
	rootObject = 8EAC7B792655CF7600DECB2A /* Project object */;
}
